{
  "nodes": {
    "nixpkgs": {
      "locked": {
        "lastModified": 1716769173,
        "narHash": "sha256-7EXDb5WBw+d004Agt+JHC/Oyh/KTUglOaQ4MNjBbo5w=",
        "owner": "NixOS",
        "repo": "nixpkgs",
        "rev": "9ca3f649614213b2aaf5f1e16ec06952fe4c2632",
        "type": "github"
      },
      "original": {
        "owner": "NixOS",
        "ref": "nixos-unstable",
        "repo": "nixpkgs",
        "type": "github"
      }
    },
    "node14pkgs": {
      "locked": {
        "lastModified": 1676239704,
        "narHash": "sha256-eKJDKTzI/uHNmfOX1Ln7Y1cjyA9XAkf5vyWdz03EXAA=",
        "owner": "NixOs",
        "repo": "nixpkgs",
        "rev": "55070e598e0e03d1d116c49b9eff322ef07c6ac6",
        "type": "github"
      },
      "original": {
        "owner": "NixOs",
        "repo": "nixpkgs",
        "rev": "55070e598e0e03d1d116c49b9eff322ef07c6ac6",
        "type": "github"
      }
    },
    "root": {
      "inputs": {
        "nixpkgs": "nixpkgs",
        "node14pkgs": "node14pkgs"
      }
    }
  },
  "root": "root",
  "version": 7
}
